
Microsoft Visual Studio Solution File, Format Version 12.00
# Visual Studio Version 17
VisualStudioVersion = 17.4.33205.214
MinimumVisualStudioVersion = 10.0.40219.1
Project("{FAE04EC0-301F-11D3-BF4B-00C04F79EFBC}") = "ImageConverters", "ImageConverters\ImageConverters.csproj", "{8473E413-D49A-4029-8970-7246929EE053}"
EndProject
Project("{FAE04EC0-301F-11D3-BF4B-00C04F79EFBC}") = "DocumentConverters", "DocumentConverters\DocumentConverters.csproj", "{FAEDC91A-A200-473A-BA32-11069D9F206B}"
EndProject
Global
	GlobalSection(SolutionConfigurationPlatforms) = preSolution
		Debug|Any CPU = Debug|Any CPU
		Release|Any CPU = Release|Any CPU
	EndGlobalSection
	GlobalSection(ProjectConfigurationPlatforms) = postSolution
		{8473E413-D49A-4029-8970-7246929EE053}.Debug|Any CPU.ActiveCfg = Debug|Any CPU
		{8473E413-D49A-4029-8970-7246929EE053}.Debug|Any CPU.Build.0 = Debug|Any CPU
		{8473E413-D49A-4029-8970-7246929EE053}.Release|Any CPU.ActiveCfg = Release|Any CPU
		{8473E413-D49A-4029-8970-7246929EE053}.Release|Any CPU.Build.0 = Release|Any CPU
		{FAEDC91A-A200-473A-BA32-11069D9F206B}.Debug|Any CPU.ActiveCfg = Debug|Any CPU
		{FAEDC91A-A200-473A-BA32-11069D9F206B}.Debug|Any CPU.Build.0 = Debug|Any CPU
		{FAEDC91A-A200-473A-BA32-11069D9F206B}.Release|Any CPU.ActiveCfg = Release|Any CPU
		{FAEDC91A-A200-473A-BA32-11069D9F206B}.Release|Any CPU.Build.0 = Release|Any CPU
	EndGlobalSection
	GlobalSection(SolutionProperties) = preSolution
		HideSolutionNode = FALSE
	EndGlobalSection
	GlobalSection(ExtensibilityGlobals) = postSolution
		SolutionGuid = {D7AFDDB8-705B-420E-8C43-1D59191C4BB2}
	EndGlobalSection
EndGlobal
